
Microsoft Visual Studio Solution File, Format Version 12.00
# Visual Studio Version 17
VisualStudioVersion = 17.10.35122.118
MinimumVisualStudioVersion = 10.0.40219.1
Project("{9A19103F-16F7-4668-BE54-9A1E7A4F7556}") = "Application", "DepartmentManagetment\src\Application\Application.csproj", "{7FA69F50-9853-42A1-A324-FB2788E2FD06}"
EndProject
Project("{9A19103F-16F7-4668-BE54-9A1E7A4F7556}") = "Domain", "DepartmentManagetment\src\Domain\Domain.csproj", "{ED15B277-6666-4846-8131-1DAE52023E2A}"
EndProject
Project("{9A19103F-16F7-4668-BE54-9A1E7A4F7556}") = "Infrastructure", "DepartmentManagetment\src\Infrastructure\Infrastructure.csproj", "{E1B0E21E-2506-4B72-97F2-40B821088C5E}"
EndProject
Project("{9A19103F-16F7-4668-BE54-9A1E7A4F7556}") = "Web", "DepartmentManagetment\src\Web\Web.csproj", "{39C1EE64-E2C8-46E6-A98A-5957D31156A8}"
EndProject
Global
	GlobalSection(SolutionConfigurationPlatforms) = preSolution
		Debug|Any CPU = Debug|Any CPU
		Release|Any CPU = Release|Any CPU
	EndGlobalSection
	GlobalSection(ProjectConfigurationPlatforms) = postSolution
		{7FA69F50-9853-42A1-A324-FB2788E2FD06}.Debug|Any CPU.ActiveCfg = Debug|Any CPU
		{7FA69F50-9853-42A1-A324-FB2788E2FD06}.Debug|Any CPU.Build.0 = Debug|Any CPU
		{7FA69F50-9853-42A1-A324-FB2788E2FD06}.Release|Any CPU.ActiveCfg = Release|Any CPU
		{7FA69F50-9853-42A1-A324-FB2788E2FD06}.Release|Any CPU.Build.0 = Release|Any CPU
		{ED15B277-6666-4846-8131-1DAE52023E2A}.Debug|Any CPU.ActiveCfg = Debug|Any CPU
		{ED15B277-6666-4846-8131-1DAE52023E2A}.Debug|Any CPU.Build.0 = Debug|Any CPU
		{ED15B277-6666-4846-8131-1DAE52023E2A}.Release|Any CPU.ActiveCfg = Release|Any CPU
		{ED15B277-6666-4846-8131-1DAE52023E2A}.Release|Any CPU.Build.0 = Release|Any CPU
		{E1B0E21E-2506-4B72-97F2-40B821088C5E}.Debug|Any CPU.ActiveCfg = Debug|Any CPU
		{E1B0E21E-2506-4B72-97F2-40B821088C5E}.Debug|Any CPU.Build.0 = Debug|Any CPU
		{E1B0E21E-2506-4B72-97F2-40B821088C5E}.Release|Any CPU.ActiveCfg = Release|Any CPU
		{E1B0E21E-2506-4B72-97F2-40B821088C5E}.Release|Any CPU.Build.0 = Release|Any CPU
		{39C1EE64-E2C8-46E6-A98A-5957D31156A8}.Debug|Any CPU.ActiveCfg = Debug|Any CPU
		{39C1EE64-E2C8-46E6-A98A-5957D31156A8}.Debug|Any CPU.Build.0 = Debug|Any CPU
		{39C1EE64-E2C8-46E6-A98A-5957D31156A8}.Release|Any CPU.ActiveCfg = Release|Any CPU
		{39C1EE64-E2C8-46E6-A98A-5957D31156A8}.Release|Any CPU.Build.0 = Release|Any CPU
	EndGlobalSection
	GlobalSection(SolutionProperties) = preSolution
		HideSolutionNode = FALSE
	EndGlobalSection
	GlobalSection(ExtensibilityGlobals) = postSolution
		SolutionGuid = {F549BF8A-6F2C-41E9-BD4F-C640A4D6545C}
	EndGlobalSection
EndGlobal
